
Microsoft Visual Studio Solution File, Format Version 12.00
# Visual Studio 14
VisualStudioVersion = 14.0.24720.0
MinimumVisualStudioVersion = 10.0.40219.1
Project("{FAE04EC0-301F-11D3-BF4B-00C04F79EFBC}") = "Types", "src\Types.csproj", "{3A366B15-40CB-4C0C-8A65-C274B238CAFE}"
EndProject
Global
	GlobalSection(SolutionConfigurationPlatforms) = preSolution
		Debug|Any CPU = Debug|Any CPU
		Release|Any CPU = Release|Any CPU
	EndGlobalSection
	GlobalSection(ProjectConfigurationPlatforms) = postSolution
		{3A366B15-40CB-4C0C-8A65-C274B238CAFE}.Debug|Any CPU.ActiveCfg = Debug|Any CPU
		{3A366B15-40CB-4C0C-8A65-C274B238CAFE}.Debug|Any CPU.Build.0 = Debug|Any CPU
		{3A366B15-40CB-4C0C-8A65-C274B238CAFE}.Release|Any CPU.ActiveCfg = Release|Any CPU
		{3A366B15-40CB-4C0C-8A65-C274B238CAFE}.Release|Any CPU.Build.0 = Release|Any CPU
	EndGlobalSection
	GlobalSection(SolutionProperties) = preSolution
		HideSolutionNode = FALSE
	EndGlobalSection
EndGlobal
