Microsoft Visual Studio Solution File, Format Version 12.00
# Visual Studio 15
VisualStudioVersion = 15.0.26430.13
MinimumVisualStudioVersion = 10.0.40219.1
Project("{9A19103F-16F7-4668-BE54-9A1E7A4F7556}") = "Tiger.Types", "src\Tiger.Types.csproj", "{B66DEA6D-03B7-46EE-8525-CA9FCBA952C8}"
EndProject
Project("{9A19103F-16F7-4668-BE54-9A1E7A4F7556}") = "Test", "unit\Test.csproj", "{1C5FB1B5-18C8-462A-8EBE-8E8FC46EE944}"
EndProject
Global
	GlobalSection(SolutionConfigurationPlatforms) = preSolution
		Debug|Any CPU = Debug|Any CPU
		Release|Any CPU = Release|Any CPU
	EndGlobalSection
	GlobalSection(ProjectConfigurationPlatforms) = postSolution
		{B66DEA6D-03B7-46EE-8525-CA9FCBA952C8}.Debug|Any CPU.ActiveCfg = Debug|Any CPU
		{B66DEA6D-03B7-46EE-8525-CA9FCBA952C8}.Debug|Any CPU.Build.0 = Debug|Any CPU
		{B66DEA6D-03B7-46EE-8525-CA9FCBA952C8}.Release|Any CPU.ActiveCfg = Release|Any CPU
		{B66DEA6D-03B7-46EE-8525-CA9FCBA952C8}.Release|Any CPU.Build.0 = Release|Any CPU
		{1C5FB1B5-18C8-462A-8EBE-8E8FC46EE944}.Debug|Any CPU.ActiveCfg = Debug|Any CPU
		{1C5FB1B5-18C8-462A-8EBE-8E8FC46EE944}.Debug|Any CPU.Build.0 = Debug|Any CPU
		{1C5FB1B5-18C8-462A-8EBE-8E8FC46EE944}.Release|Any CPU.ActiveCfg = Release|Any CPU
		{1C5FB1B5-18C8-462A-8EBE-8E8FC46EE944}.Release|Any CPU.Build.0 = Release|Any CPU
	EndGlobalSection
	GlobalSection(SolutionProperties) = preSolution
		HideSolutionNode = FALSE
	EndGlobalSection
EndGlobal
